
Microsoft Visual Studio Solution File, Format Version 12.00
# Visual Studio Version 17
VisualStudioVersion = 17.13.35931.197 d17.13
MinimumVisualStudioVersion = 10.0.40219.1
Project("{FAE04EC0-301F-11D3-BF4B-00C04F79EFBC}") = "Challenge 5", "Challenge 5.csproj", "{83095758-A13C-48D4-89E7-B6F14EA2B156}"
EndProject
Global
	GlobalSection(SolutionConfigurationPlatforms) = preSolution
		Debug|Any CPU = Debug|Any CPU
		Release|Any CPU = Release|Any CPU
	EndGlobalSection
	GlobalSection(ProjectConfigurationPlatforms) = postSolution
		{83095758-A13C-48D4-89E7-B6F14EA2B156}.Debug|Any CPU.ActiveCfg = Debug|Any CPU
		{83095758-A13C-48D4-89E7-B6F14EA2B156}.Debug|Any CPU.Build.0 = Debug|Any CPU
		{83095758-A13C-48D4-89E7-B6F14EA2B156}.Release|Any CPU.ActiveCfg = Release|Any CPU
		{83095758-A13C-48D4-89E7-B6F14EA2B156}.Release|Any CPU.Build.0 = Release|Any CPU
	EndGlobalSection
	GlobalSection(SolutionProperties) = preSolution
		HideSolutionNode = FALSE
	EndGlobalSection
	GlobalSection(ExtensibilityGlobals) = postSolution
		SolutionGuid = {A0C5E4AB-1F6C-4149-A29B-60C07C0355AE}
	EndGlobalSection
EndGlobal
